# THIS IS AN AUTOGENERATED FILE. DO NOT EDIT THIS FILE DIRECTLY.
# yarn lockfile v1


"@sentry-internal/feedback@7.119.1":
  version "7.119.1"
  resolved "https://registry.yarnpkg.com/@sentry-internal/feedback/-/feedback-7.119.1.tgz#98285dc9dba0ab62369d758124901b00faf58697"
  integrity sha512-EPyW6EKZmhKpw/OQUPRkTynXecZdYl4uhZwdZuGqnGMAzswPOgQvFrkwsOuPYvoMfXqCH7YuRqyJrox3uBOrTA==
  dependencies:
    "@sentry/core" "7.119.1"
    "@sentry/types" "7.119.1"
    "@sentry/utils" "7.119.1"

"@sentry-internal/replay-canvas@7.119.1":
  version "7.119.1"
  resolved "https://registry.yarnpkg.com/@sentry-internal/replay-canvas/-/replay-canvas-7.119.1.tgz#b1413fb37734d609b0745ac24d49ddf9d63b9c51"
  integrity sha512-O/lrzENbMhP/UDr7LwmfOWTjD9PLNmdaCF408Wx8SDuj7Iwc+VasGfHg7fPH4Pdr4nJON6oh+UqoV4IoG05u+A==
  dependencies:
    "@sentry/core" "7.119.1"
    "@sentry/replay" "7.119.1"
    "@sentry/types" "7.119.1"
    "@sentry/utils" "7.119.1"

"@sentry-internal/tracing@7.119.1":
  version "7.119.1"
  resolved "https://registry.yarnpkg.com/@sentry-internal/tracing/-/tracing-7.119.1.tgz#500d50d451bfd0ce6b185e9f112208229739ab03"
  integrity sha512-cI0YraPd6qBwvUA3wQdPGTy8PzAoK0NZiaTN1LM3IczdPegehWOaEG5GVTnpGnTsmBAzn1xnBXNBhgiU4dgcrQ==
  dependencies:
    "@sentry/core" "7.119.1"
    "@sentry/types" "7.119.1"
    "@sentry/utils" "7.119.1"

"@sentry/browser@^7.119.1":
  version "7.119.1"
  resolved "https://registry.yarnpkg.com/@sentry/browser/-/browser-7.119.1.tgz#260470dd7fd18de366017c3bf23a252a24d2ff05"
  integrity sha512-aMwAnFU4iAPeLyZvqmOQaEDHt/Dkf8rpgYeJ0OEi50dmP6AjG+KIAMCXU7CYCCQDn70ITJo8QD5+KzCoZPYz0A==
  dependencies:
    "@sentry-internal/feedback" "7.119.1"
    "@sentry-internal/replay-canvas" "7.119.1"
    "@sentry-internal/tracing" "7.119.1"
    "@sentry/core" "7.119.1"
    "@sentry/integrations" "7.119.1"
    "@sentry/replay" "7.119.1"
    "@sentry/types" "7.119.1"
    "@sentry/utils" "7.119.1"

"@sentry/core@7.119.1":
  version "7.119.1"
  resolved "https://registry.yarnpkg.com/@sentry/core/-/core-7.119.1.tgz#63e949cad167a0ee5e52986c93b96ff1d6a05b57"
  integrity sha512-YUNnH7O7paVd+UmpArWCPH4Phlb5LwrkWVqzFWqL3xPyCcTSof2RL8UmvpkTjgYJjJ+NDfq5mPFkqv3aOEn5Sw==
  dependencies:
    "@sentry/types" "7.119.1"
    "@sentry/utils" "7.119.1"

"@sentry/integrations@7.119.1":
  version "7.119.1"
  resolved "https://registry.yarnpkg.com/@sentry/integrations/-/integrations-7.119.1.tgz#9fc17aa9fcb942fbd2fc12eecd77a0f316897960"
  integrity sha512-CGmLEPnaBqbUleVqrmGYjRjf5/OwjUXo57I9t0KKWViq81mWnYhaUhRZWFNoCNQHns+3+GPCOMvl0zlawt+evw==
  dependencies:
    "@sentry/core" "7.119.1"
    "@sentry/types" "7.119.1"
    "@sentry/utils" "7.119.1"
    localforage "^1.8.1"

"@sentry/replay@7.119.1":
  version "7.119.1"
  resolved "https://registry.yarnpkg.com/@sentry/replay/-/replay-7.119.1.tgz#117cf493a3008a39943b7d571d451c6218542847"
  integrity sha512-4da+ruMEipuAZf35Ybt2StBdV1S+oJbSVccGpnl9w6RoeQoloT4ztR6ML3UcFDTXeTPT1FnHWDCyOfST0O7XMw==
  dependencies:
    "@sentry-internal/tracing" "7.119.1"
    "@sentry/core" "7.119.1"
    "@sentry/types" "7.119.1"
    "@sentry/utils" "7.119.1"

"@sentry/types@7.119.1":
  version "7.119.1"
  resolved "https://registry.yarnpkg.com/@sentry/types/-/types-7.119.1.tgz#f9c3c12e217c9078a6d556c92590e42a39b750dd"
  integrity sha512-4G2mcZNnYzK3pa2PuTq+M2GcwBRY/yy1rF+HfZU+LAPZr98nzq2X3+mJHNJoobeHRkvVh7YZMPi4ogXiIS5VNQ==

"@sentry/utils@7.119.1":
  version "7.119.1"
  resolved "https://registry.yarnpkg.com/@sentry/utils/-/utils-7.119.1.tgz#08b28fa8170987a60e149e2102e83395a95e9a89"
  integrity sha512-ju/Cvyeu/vkfC5/XBV30UNet5kLEicZmXSyuLwZu95hEbL+foPdxN+re7pCI/eNqfe3B2vz7lvz5afLVOlQ2Hg==
  dependencies:
    "@sentry/types" "7.119.1"

core-js@^3.6.5:
  version "3.6.5"
  resolved "https://registry.yarnpkg.com/core-js/-/core-js-3.6.5.tgz#7395dc273af37fb2e50e9bd3d9fe841285231d1a"
  integrity sha512-vZVEEwZoIsI+vPEuoF9Iqf5H7/M3eeQqWlQnYa8FSKKePuYTf5MWnxb5SDAzCa60b3JBRS5g9b+Dq7b1y/RCrA==

custom-event-polyfill@^1.0.7:
  version "1.0.7"
  resolved "https://registry.yarnpkg.com/custom-event-polyfill/-/custom-event-polyfill-1.0.7.tgz#9bc993ddda937c1a30ccd335614c6c58c4f87aee"
  integrity sha512-TDDkd5DkaZxZFM8p+1I3yAlvM3rSr1wbrOliG4yJiwinMZN8z/iGL7BTlDkrJcYTmgUSb4ywVCc3ZaUtOtC76w==

immediate@~3.0.5:
  version "3.0.6"
  resolved "https://registry.yarnpkg.com/immediate/-/immediate-3.0.6.tgz#9db1dbd0faf8de6fbe0f5dd5e56bb606280de69b"
  integrity sha512-XXOFtyqDjNDAQxVfYxuF7g9Il/IbWmmlQg2MYKOH8ExIT1qg6xc4zyS3HaEEATgs1btfzxq15ciUiY7gjSXRGQ==

lie@3.1.1:
  version "3.1.1"
  resolved "https://registry.yarnpkg.com/lie/-/lie-3.1.1.tgz#9a436b2cc7746ca59de7a41fa469b3efb76bd87e"
  integrity sha512-RiNhHysUjhrDQntfYSfY4MU24coXXdEOgw9WGcKHNeEwffDYbF//u87M1EWaMGzuFoSbqW0C9C6lEEhDOAswfw==
  dependencies:
    immediate "~3.0.5"

localforage@^1.8.1:
  version "1.10.0"
  resolved "https://registry.yarnpkg.com/localforage/-/localforage-1.10.0.tgz#5c465dc5f62b2807c3a84c0c6a1b1b3212781dd4"
  integrity sha512-14/H1aX7hzBBmmh7sGPd+AOMkkIrHM3Z1PAyGgZigA1H1p5O5ANnMyWzvpAETtG68/dC4pC0ncy3+PPGzXZHPg==
  dependencies:
    lie "3.1.1"

shr-buttons@2.0.3:
  version "2.0.3"
  resolved "https://registry.yarnpkg.com/shr-buttons/-/shr-buttons-2.0.3.tgz#2ffd021fc3d789e1510ce2736b938bd09ea1da5a"
  integrity sha512-sPAgHiw4uaIt9TnxTfyZEedDChcldSVtnBHE44cpe/mSC7rqm4IEKZRLYqnVlTcGM+FSDNBPUNpSf50Q2ntd+w==

url-polyfill@^1.1.10:
  version "1.1.10"
  resolved "https://registry.yarnpkg.com/url-polyfill/-/url-polyfill-1.1.10.tgz#fd5bbcf66c9491fa682b0cb6d6a855e1643a9281"
  integrity sha512-vSaPpaRgBrf41+Uky1myiSh6gpcbw8FpwHYnEy0abxndojOBnIs+yh/49gKYFLtUMP9qoNWjn6j9aUVy23Ie2A==
